
Microsoft Visual Studio Solution File, Format Version 12.00
# Visual Studio Version 17
VisualStudioVersion = 17.14.36212.18
MinimumVisualStudioVersion = 10.0.40219.1
Project("{FAE04EC0-301F-11D3-BF4B-00C04F79EFBC}") = "DoTungDuong_Ass2_RazorPages", "DoTungDuong_Ass2_RazorPages\DoTungDuong_Ass2_RazorPages.csproj", "{CC2F8618-B165-44FC-B5B6-692260852D7F}"
EndProject
Project("{FAE04EC0-301F-11D3-BF4B-00C04F79EFBC}") = "DoTungDuongDAL", "DoTungDuongDAL\DoTungDuongDAL.csproj", "{C20DEEA6-565D-42AC-A194-19A1B1D95C02}"
EndProject
Project("{FAE04EC0-301F-11D3-BF4B-00C04F79EFBC}") = "DoTungDuongBLL", "DoTungDuongBLL\DoTungDuongBLL.csproj", "{D3CE78EE-5B26-4AF6-9E12-16058F05A439}"
EndProject
Global
	GlobalSection(SolutionConfigurationPlatforms) = preSolution
		Debug|Any CPU = Debug|Any CPU
		Release|Any CPU = Release|Any CPU
	EndGlobalSection
	GlobalSection(ProjectConfigurationPlatforms) = postSolution
		{CC2F8618-B165-44FC-B5B6-692260852D7F}.Debug|Any CPU.ActiveCfg = Debug|Any CPU
		{CC2F8618-B165-44FC-B5B6-692260852D7F}.Debug|Any CPU.Build.0 = Debug|Any CPU
		{CC2F8618-B165-44FC-B5B6-692260852D7F}.Release|Any CPU.ActiveCfg = Release|Any CPU
		{CC2F8618-B165-44FC-B5B6-692260852D7F}.Release|Any CPU.Build.0 = Release|Any CPU
		{C20DEEA6-565D-42AC-A194-19A1B1D95C02}.Debug|Any CPU.ActiveCfg = Debug|Any CPU
		{C20DEEA6-565D-42AC-A194-19A1B1D95C02}.Debug|Any CPU.Build.0 = Debug|Any CPU
		{C20DEEA6-565D-42AC-A194-19A1B1D95C02}.Release|Any CPU.ActiveCfg = Release|Any CPU
		{C20DEEA6-565D-42AC-A194-19A1B1D95C02}.Release|Any CPU.Build.0 = Release|Any CPU
		{D3CE78EE-5B26-4AF6-9E12-16058F05A439}.Debug|Any CPU.ActiveCfg = Debug|Any CPU
		{D3CE78EE-5B26-4AF6-9E12-16058F05A439}.Debug|Any CPU.Build.0 = Debug|Any CPU
		{D3CE78EE-5B26-4AF6-9E12-16058F05A439}.Release|Any CPU.ActiveCfg = Release|Any CPU
		{D3CE78EE-5B26-4AF6-9E12-16058F05A439}.Release|Any CPU.Build.0 = Release|Any CPU
	EndGlobalSection
	GlobalSection(SolutionProperties) = preSolution
		HideSolutionNode = FALSE
	EndGlobalSection
	GlobalSection(ExtensibilityGlobals) = postSolution
		SolutionGuid = {E5FBCD2C-71D1-4BCC-8CDD-38F50E4758E7}
	EndGlobalSection
EndGlobal
